
Microsoft Visual Studio Solution File, Format Version 12.00
# Visual Studio Version 17
VisualStudioVersion = 17.11.35222.181
MinimumVisualStudioVersion = 10.0.40219.1
Project("{FAE04EC0-301F-11D3-BF4B-00C04F79EFBC}") = "Zadanie_rekrutacyjne", "Zadanie_rekrutacyjne\Zadanie_rekrutacyjne.csproj", "{D362E328-3129-4530-98C1-704DD08AEB92}"
EndProject
Global
	GlobalSection(SolutionConfigurationPlatforms) = preSolution
		Debug|Any CPU = Debug|Any CPU
		Release|Any CPU = Release|Any CPU
	EndGlobalSection
	GlobalSection(ProjectConfigurationPlatforms) = postSolution
		{D362E328-3129-4530-98C1-704DD08AEB92}.Debug|Any CPU.ActiveCfg = Debug|Any CPU
		{D362E328-3129-4530-98C1-704DD08AEB92}.Debug|Any CPU.Build.0 = Debug|Any CPU
		{D362E328-3129-4530-98C1-704DD08AEB92}.Release|Any CPU.ActiveCfg = Release|Any CPU
		{D362E328-3129-4530-98C1-704DD08AEB92}.Release|Any CPU.Build.0 = Release|Any CPU
	EndGlobalSection
	GlobalSection(SolutionProperties) = preSolution
		HideSolutionNode = FALSE
	EndGlobalSection
	GlobalSection(ExtensibilityGlobals) = postSolution
		SolutionGuid = {40723B72-17A8-402D-A52C-AABFA9C3ECDA}
	EndGlobalSection
EndGlobal
